// !$*UTF8*$!
{
	archiveVersion = 1;
	classes = {
	};
	objectVersion = 50;
	objects = {

/* Begin PBXBuildFile section */
		761763C5250DF03000D9739F /* MainTabBarController.swift in Sources */ = {isa = PBXBuildFile; fileRef = 761763C4250DF03000D9739F /* MainTabBarController.swift */; };
		761763C7250DF06600D9739F /* MainTabBarManager.swift in Sources */ = {isa = PBXBuildFile; fileRef = 761763C6250DF06600D9739F /* MainTabBarManager.swift */; };
		761763CA250E89B000D9739F /* ViewFactory.swift in Sources */ = {isa = PBXBuildFile; fileRef = 761763C9250E89B000D9739F /* ViewFactory.swift */; };
		761763CC250E8A8000D9739F /* ThirdViewController.swift in Sources */ = {isa = PBXBuildFile; fileRef = 761763CB250E8A8000D9739F /* ThirdViewController.swift */; };
		761763CE250E8A9300D9739F /* FourthViewController.swift in Sources */ = {isa = PBXBuildFile; fileRef = 761763CD250E8A9300D9739F /* FourthViewController.swift */; };
		766A9C2024FD8BA6006F6915 /* AppDelegate.swift in Sources */ = {isa = PBXBuildFile; fileRef = 766A9C1F24FD8BA6006F6915 /* AppDelegate.swift */; };
		766A9C2224FD8BA6006F6915 /* SceneDelegate.swift in Sources */ = {isa = PBXBuildFile; fileRef = 766A9C2124FD8BA6006F6915 /* SceneDelegate.swift */; };
		766A9C2424FD8BA6006F6915 /* FirstViewController.swift in Sources */ = {isa = PBXBuildFile; fileRef = 766A9C2324FD8BA6006F6915 /* FirstViewController.swift */; };
		766A9C2624FD8BA6006F6915 /* SecondViewController.swift in Sources */ = {isa = PBXBuildFile; fileRef = 766A9C2524FD8BA6006F6915 /* SecondViewController.swift */; };
		766A9C2B24FD8BA7006F6915 /* Assets.xcassets in Resources */ = {isa = PBXBuildFile; fileRef = 766A9C2A24FD8BA7006F6915 /* Assets.xcassets */; };
		766A9C2E24FD8BA7006F6915 /* LaunchScreen.storyboard in Resources */ = {isa = PBXBuildFile; fileRef = 766A9C2C24FD8BA7006F6915 /* LaunchScreen.storyboard */; };
/* End PBXBuildFile section */

/* Begin PBXFileReference section */
		761763C4250DF03000D9739F /* MainTabBarController.swift */ = {isa = PBXFileReference; lastKnownFileType = sourcecode.swift; path = MainTabBarController.swift; sourceTree = "<group>"; };
		761763C6250DF06600D9739F /* MainTabBarManager.swift */ = {isa = PBXFileReference; lastKnownFileType = sourcecode.swift; path = MainTabBarManager.swift; sourceTree = "<group>"; };
		761763C9250E89B000D9739F /* ViewFactory.swift */ = {isa = PBXFileReference; lastKnownFileType = sourcecode.swift; path = ViewFactory.swift; sourceTree = "<group>"; };
		761763CB250E8A8000D9739F /* ThirdViewController.swift */ = {isa = PBXFileReference; lastKnownFileType = sourcecode.swift; path = ThirdViewController.swift; sourceTree = "<group>"; };
		761763CD250E8A9300D9739F /* FourthViewController.swift */ = {isa = PBXFileReference; lastKnownFileType = sourcecode.swift; path = FourthViewController.swift; sourceTree = "<group>"; };
		766A9C1C24FD8BA6006F6915 /* TabTEst.app */ = {isa = PBXFileReference; explicitFileType = wrapper.application; includeInIndex = 0; path = TabTEst.app; sourceTree = BUILT_PRODUCTS_DIR; };
		766A9C1F24FD8BA6006F6915 /* AppDelegate.swift */ = {isa = PBXFileReference; lastKnownFileType = sourcecode.swift; path = AppDelegate.swift; sourceTree = "<group>"; };
		766A9C2124FD8BA6006F6915 /* SceneDelegate.swift */ = {isa = PBXFileReference; lastKnownFileType = sourcecode.swift; path = SceneDelegate.swift; sourceTree = "<group>"; };
		766A9C2324FD8BA6006F6915 /* FirstViewController.swift */ = {isa = PBXFileReference; lastKnownFileType = sourcecode.swift; path = FirstViewController.swift; sourceTree = "<group>"; };
		766A9C2524FD8BA6006F6915 /* SecondViewController.swift */ = {isa = PBXFileReference; lastKnownFileType = sourcecode.swift; path = SecondViewController.swift; sourceTree = "<group>"; };
		766A9C2A24FD8BA7006F6915 /* Assets.xcassets */ = {isa = PBXFileReference; lastKnownFileType = folder.assetcatalog; path = Assets.xcassets; sourceTree = "<group>"; };
		766A9C2D24FD8BA7006F6915 /* Base */ = {isa = PBXFileReference; lastKnownFileType = file.storyboard; name = Base; path = Base.lproj/LaunchScreen.storyboard; sourceTree = "<group>"; };
		766A9C2F24FD8BA7006F6915 /* Info.plist */ = {isa = PBXFileReference; lastKnownFileType = text.plist.xml; path = Info.plist; sourceTree = "<group>"; };
/* End PBXFileReference section */

/* Begin PBXFrameworksBuildPhase section */
		766A9C1924FD8BA6006F6915 /* Frameworks */ = {
			isa = PBXFrameworksBuildPhase;
			buildActionMask = 2147483647;
			files = (
			);
			runOnlyForDeploymentPostprocessing = 0;
		};
/* End PBXFrameworksBuildPhase section */

/* Begin PBXGroup section */
		761763C2250DEFFD00D9739F /* TabBarController */ = {
			isa = PBXGroup;
			children = (
				761763C4250DF03000D9739F /* MainTabBarController.swift */,
				761763C6250DF06600D9739F /* MainTabBarManager.swift */,
			);
			path = TabBarController;
			sourceTree = "<group>";
		};
		761763C8250E899D00D9739F /* Utilities */ = {
			isa = PBXGroup;
			children = (
				761763C9250E89B000D9739F /* ViewFactory.swift */,
			);
			path = Utilities;
			sourceTree = "<group>";
		};
		766A9C1324FD8BA6006F6915 = {
			isa = PBXGroup;
			children = (
				766A9C1E24FD8BA6006F6915 /* TabTEst */,
				766A9C1D24FD8BA6006F6915 /* Products */,
			);
			sourceTree = "<group>";
		};
		766A9C1D24FD8BA6006F6915 /* Products */ = {
			isa = PBXGroup;
			children = (
				766A9C1C24FD8BA6006F6915 /* TabTEst.app */,
			);
			name = Products;
			sourceTree = "<group>";
		};
		766A9C1E24FD8BA6006F6915 /* TabTEst */ = {
			isa = PBXGroup;
			children = (
				761763C8250E899D00D9739F /* Utilities */,
				761763C2250DEFFD00D9739F /* TabBarController */,
				766A9C1F24FD8BA6006F6915 /* AppDelegate.swift */,
				766A9C2124FD8BA6006F6915 /* SceneDelegate.swift */,
				766A9C2324FD8BA6006F6915 /* FirstViewController.swift */,
				766A9C2524FD8BA6006F6915 /* SecondViewController.swift */,
				761763CB250E8A8000D9739F /* ThirdViewController.swift */,
				761763CD250E8A9300D9739F /* FourthViewController.swift */,
				766A9C2A24FD8BA7006F6915 /* Assets.xcassets */,
				766A9C2C24FD8BA7006F6915 /* LaunchScreen.storyboard */,
				766A9C2F24FD8BA7006F6915 /* Info.plist */,
			);
			path = TabTEst;
			sourceTree = "<group>";
		};
/* End PBXGroup section */

/* Begin PBXNativeTarget section */
		766A9C1B24FD8BA6006F6915 /* TabTEst */ = {
			isa = PBXNativeTarget;
			buildConfigurationList = 766A9C3224FD8BA7006F6915 /* Build configuration list for PBXNativeTarget "TabTEst" */;
			buildPhases = (
				766A9C1824FD8BA6006F6915 /* Sources */,
				766A9C1924FD8BA6006F6915 /* Frameworks */,
				766A9C1A24FD8BA6006F6915 /* Resources */,
			);
			buildRules = (
			);
			dependencies = (
			);
			name = TabTEst;
			productName = TabTEst;
			productReference = 766A9C1C24FD8BA6006F6915 /* TabTEst.app */;
			productType = "com.apple.product-type.application";
		};
/* End PBXNativeTarget section */

/* Begin PBXProject section */
		766A9C1424FD8BA6006F6915 /* Project object */ = {
			isa = PBXProject;
			attributes = {
				LastSwiftUpdateCheck = 1150;
				LastUpgradeCheck = 1150;
				ORGANIZATIONNAME = "Anoop M";
				TargetAttributes = {
					766A9C1B24FD8BA6006F6915 = {
						CreatedOnToolsVersion = 11.5;
					};
				};
			};
			buildConfigurationList = 766A9C1724FD8BA6006F6915 /* Build configuration list for PBXProject "TabTEst" */;
			compatibilityVersion = "Xcode 9.3";
			developmentRegion = en;
			hasScannedForEncodings = 0;
			knownRegions = (
				en,
				Base,
			);
			mainGroup = 766A9C1324FD8BA6006F6915;
			productRefGroup = 766A9C1D24FD8BA6006F6915 /* Products */;
			projectDirPath = "";
			projectRoot = "";
			targets = (
				766A9C1B24FD8BA6006F6915 /* TabTEst */,
			);
		};
/* End PBXProject section */

/* Begin PBXResourcesBuildPhase section */
		766A9C1A24FD8BA6006F6915 /* Resources */ = {
			isa = PBXResourcesBuildPhase;
			buildActionMask = 2147483647;
			files = (
				766A9C2E24FD8BA7006F6915 /* LaunchScreen.storyboard in Resources */,
				766A9C2B24FD8BA7006F6915 /* Assets.xcassets in Resources */,
			);
			runOnlyForDeploymentPostprocessing = 0;
		};
/* End PBXResourcesBuildPhase section */

/* Begin PBXSourcesBuildPhase section */
		766A9C1824FD8BA6006F6915 /* Sources */ = {
			isa = PBXSourcesBuildPhase;
			buildActionMask = 2147483647;
			files = (
				766A9C2624FD8BA6006F6915 /* SecondViewController.swift in Sources */,
				766A9C2424FD8BA6006F6915 /* FirstViewController.swift in Sources */,
				761763C7250DF06600D9739F /* MainTabBarManager.swift in Sources */,
				761763CE250E8A9300D9739F /* FourthViewController.swift in Sources */,
				761763C5250DF03000D9739F /* MainTabBarController.swift in Sources */,
				766A9C2024FD8BA6006F6915 /* AppDelegate.swift in Sources */,
				761763CA250E89B000D9739F /* ViewFactory.swift in Sources */,
				761763CC250E8A8000D9739F /* ThirdViewController.swift in Sources */,
				766A9C2224FD8BA6006F6915 /* SceneDelegate.swift in Sources */,
			);
			runOnlyForDeploymentPostprocessing = 0;
		};
/* End PBXSourcesBuildPhase section */

/* Begin PBXVariantGroup section */
		766A9C2C24FD8BA7006F6915 /* LaunchScreen.storyboard */ = {
			isa = PBXVariantGroup;
			children = (
				766A9C2D24FD8BA7006F6915 /* Base */,
			);
			name = LaunchScreen.storyboard;
			sourceTree = "<group>";
		};
/* End PBXVariantGroup section */

/* Begin XCBuildConfiguration section */
		766A9C3024FD8BA7006F6915 /* Debug */ = {
			isa = XCBuildConfiguration;
			buildSettings = {
				ALWAYS_SEARCH_USER_PATHS = NO;
				CLANG_ANALYZER_NONNULL = YES;
				CLANG_ANALYZER_NUMBER_OBJECT_CONVERSION = YES_AGGRESSIVE;
				CLANG_CXX_LANGUAGE_STANDARD = "gnu++14";
				CLANG_CXX_LIBRARY = "libc++";
				CLANG_ENABLE_MODULES = YES;
				CLANG_ENABLE_OBJC_ARC = YES;
				CLANG_ENABLE_OBJC_WEAK = YES;
				CLANG_WARN_BLOCK_CAPTURE_AUTORELEASING = YES;
				CLANG_WARN_BOOL_CONVERSION = YES;
				CLANG_WARN_COMMA = YES;
				CLANG_WARN_CONSTANT_CONVERSION = YES;
				CLANG_WARN_DEPRECATED_OBJC_IMPLEMENTATIONS = YES;
				CLANG_WARN_DIRECT_OBJC_ISA_USAGE = YES_ERROR;
				CLANG_WARN_DOCUMENTATION_COMMENTS = YES;
				CLANG_WARN_EMPTY_BODY = YES;
				CLANG_WARN_ENUM_CONVERSION = YES;
				CLANG_WARN_INFINITE_RECURSION = YES;
				CLANG_WARN_INT_CONVERSION = YES;
				CLANG_WARN_NON_LITERAL_NULL_CONVERSION = YES;
				CLANG_WARN_OBJC_IMPLICIT_RETAIN_SELF = YES;
				CLANG_WARN_OBJC_LITERAL_CONVERSION = YES;
				CLANG_WARN_OBJC_ROOT_CLASS = YES_ERROR;
				CLANG_WARN_RANGE_LOOP_ANALYSIS = YES;
				CLANG_WARN_STRICT_PROTOTYPES = YES;
				CLANG_WARN_SUSPICIOUS_MOVE = YES;
				CLANG_WARN_UNGUARDED_AVAILABILITY = YES_AGGRESSIVE;
				CLANG_WARN_UNREACHABLE_CODE = YES;
				CLANG_WARN__DUPLICATE_METHOD_MATCH = YES;
				COPY_PHASE_STRIP = NO;
				DEBUG_INFORMATION_FORMAT = dwarf;
				ENABLE_STRICT_OBJC_MSGSEND = YES;
				ENABLE_TESTABILITY = YES;
				GCC_C_LANGUAGE_STANDARD = gnu11;
				GCC_DYNAMIC_NO_PIC = NO;
				GCC_NO_COMMON_BLOCKS = YES;
				GCC_OPTIMIZATION_LEVEL = 0;
				GCC_PREPROCESSOR_DEFINITIONS = (
					"DEBUG=1",
					"$(inherited)",
				);
				GCC_WARN_64_TO_32_BIT_CONVERSION = YES;
				GCC_WARN_ABOUT_RETURN_TYPE = YES_ERROR;
				GCC_WARN_UNDECLARED_SELECTOR = YES;
				GCC_WARN_UNINITIALIZED_AUTOS = YES_AGGRESSIVE;
				GCC_WARN_UNUSED_FUNCTION = YES;
				GCC_WARN_UNUSED_VARIABLE = YES;
				IPHONEOS_DEPLOYMENT_TARGET = 13.5;
				MTL_ENABLE_DEBUG_INFO = INCLUDE_SOURCE;
				MTL_FAST_MATH = YES;
				ONLY_ACTIVE_ARCH = YES;
				SDKROOT = iphoneos;
				SWIFT_ACTIVE_COMPILATION_CONDITIONS = DEBUG;
				SWIFT_OPTIMIZATION_LEVEL = "-Onone";
			};
			name = Debug;
		};
		766A9C3124FD8BA7006F6915 /* Release */ = {
			isa = XCBuildConfiguration;
			buildSettings = {
				ALWAYS_SEARCH_USER_PATHS = NO;
				CLANG_ANALYZER_NONNULL = YES;
				CLANG_ANALYZER_NUMBER_OBJECT_CONVERSION = YES_AGGRESSIVE;
				CLANG_CXX_LANGUAGE_STANDARD = "gnu++14";
				CLANG_CXX_LIBRARY = "libc++";
				CLANG_ENABLE_MODULES = YES;
				CLANG_ENABLE_OBJC_ARC = YES;
				CLANG_ENABLE_OBJC_WEAK = YES;
				CLANG_WARN_BLOCK_CAPTURE_AUTORELEASING = YES;
				CLANG_WARN_BOOL_CONVERSION = YES;
				CLANG_WARN_COMMA = YES;
				CLANG_WARN_CONSTANT_CONVERSION = YES;
				CLANG_WARN_DEPRECATED_OBJC_IMPLEMENTATIONS = YES;
				CLANG_WARN_DIRECT_OBJC_ISA_USAGE = YES_ERROR;
				CLANG_WARN_DOCUMENTATION_COMMENTS = YES;
				CLANG_WARN_EMPTY_BODY = YES;
				CLANG_WARN_ENUM_CONVERSION = YES;
				CLANG_WARN_INFINITE_RECURSION = YES;
				CLANG_WARN_INT_CONVERSION = YES;
				CLANG_WARN_NON_LITERAL_NULL_CONVERSION = YES;
				CLANG_WARN_OBJC_IMPLICIT_RETAIN_SELF = YES;
				CLANG_WARN_OBJC_LITERAL_CONVERSION = YES;
				CLANG_WARN_OBJC_ROOT_CLASS = YES_ERROR;
				CLANG_WARN_RANGE_LOOP_ANALYSIS = YES;
				CLANG_WARN_STRICT_PROTOTYPES = YES;
				CLANG_WARN_SUSPICIOUS_MOVE = YES;
				CLANG_WARN_UNGUARDED_AVAILABILITY = YES_AGGRESSIVE;
				CLANG_WARN_UNREACHABLE_CODE = YES;
				CLANG_WARN__DUPLICATE_METHOD_MATCH = YES;
				COPY_PHASE_STRIP = NO;
				DEBUG_INFORMATION_FORMAT = "dwarf-with-dsym";
				ENABLE_NS_ASSERTIONS = NO;
				ENABLE_STRICT_OBJC_MSGSEND = YES;
				GCC_C_LANGUAGE_STANDARD = gnu11;
				GCC_NO_COMMON_BLOCKS = YES;
				GCC_WARN_64_TO_32_BIT_CONVERSION = YES;
				GCC_WARN_ABOUT_RETURN_TYPE = YES_ERROR;
				GCC_WARN_UNDECLARED_SELECTOR = YES;
				GCC_WARN_UNINITIALIZED_AUTOS = YES_AGGRESSIVE;
				GCC_WARN_UNUSED_FUNCTION = YES;
				GCC_WARN_UNUSED_VARIABLE = YES;
				IPHONEOS_DEPLOYMENT_TARGET = 13.5;
				MTL_ENABLE_DEBUG_INFO = NO;
				MTL_FAST_MATH = YES;
				SDKROOT = iphoneos;
				SWIFT_COMPILATION_MODE = wholemodule;
				SWIFT_OPTIMIZATION_LEVEL = "-O";
				VALIDATE_PRODUCT = YES;
			};
			name = Release;
		};
		766A9C3324FD8BA7006F6915 /* Debug */ = {
			isa = XCBuildConfiguration;
			buildSettings = {
				ASSETCATALOG_COMPILER_APPICON_NAME = AppIcon;
				CODE_SIGN_STYLE = Automatic;
				DEVELOPMENT_TEAM = 6UT7M6DT43;
				INFOPLIST_FILE = TabTEst/Info.plist;
				IPHONEOS_DEPLOYMENT_TARGET = 13.0;
				LD_RUNPATH_SEARCH_PATHS = (
					"$(inherited)",
					"@executable_path/Frameworks",
				);
				PRODUCT_BUNDLE_IDENTIFIER = com.anoop.TabTEst;
				PRODUCT_NAME = "$(TARGET_NAME)";
				SWIFT_VERSION = 5.0;
				TARGETED_DEVICE_FAMILY = "1,2";
			};
			name = Debug;
		};
		766A9C3424FD8BA7006F6915 /* Release */ = {
			isa = XCBuildConfiguration;
			buildSettings = {
				ASSETCATALOG_COMPILER_APPICON_NAME = AppIcon;
				CODE_SIGN_STYLE = Automatic;
				DEVELOPMENT_TEAM = 6UT7M6DT43;
				INFOPLIST_FILE = TabTEst/Info.plist;
				IPHONEOS_DEPLOYMENT_TARGET = 13.0;
				LD_RUNPATH_SEARCH_PATHS = (
					"$(inherited)",
					"@executable_path/Frameworks",
				);
				PRODUCT_BUNDLE_IDENTIFIER = com.anoop.TabTEst;
				PRODUCT_NAME = "$(TARGET_NAME)";
				SWIFT_VERSION = 5.0;
				TARGETED_DEVICE_FAMILY = "1,2";
			};
			name = Release;
		};
/* End XCBuildConfiguration section */

/* Begin XCConfigurationList section */
		766A9C1724FD8BA6006F6915 /* Build configuration list for PBXProject "TabTEst" */ = {
			isa = XCConfigurationList;
			buildConfigurations = (
				766A9C3024FD8BA7006F6915 /* Debug */,
				766A9C3124FD8BA7006F6915 /* Release */,
			);
			defaultConfigurationIsVisible = 0;
			defaultConfigurationName = Release;
		};
		766A9C3224FD8BA7006F6915 /* Build configuration list for PBXNativeTarget "TabTEst" */ = {
			isa = XCConfigurationList;
			buildConfigurations = (
				766A9C3324FD8BA7006F6915 /* Debug */,
				766A9C3424FD8BA7006F6915 /* Release */,
			);
			defaultConfigurationIsVisible = 0;
			defaultConfigurationName = Release;
		};
/* End XCConfigurationList section */
	};
	rootObject = 766A9C1424FD8BA6006F6915 /* Project object */;
}
